schema: '2.0'
stages:
  data_ingestion:
    cmd: python src/data_ingestion.py
    deps:
    - path: src/data_ingestion.py
      hash: md5
      md5: ea38feea8a20482df4302926bc277270
      size: 678
    outs:
    - path: data/raw
      hash: md5
      md5: 2f2c162357710472d505c47207b6ce17.dir
      size: 1084363
      nfiles: 2
